
Microsoft Visual Studio Solution File, Format Version 12.00
# Visual Studio Version 17
VisualStudioVersion = 17.0.31903.59
MinimumVisualStudioVersion = 10.0.40219.1
Project("{2150E333-8FDC-42A3-9474-1A3956D46DE8}") = "src", "src", "{827E0CD3-B72D-47B6-A68D-7590B98EB39B}"
EndProject
Project("{FAE04EC0-301F-11D3-BF4B-00C04F79EFBC}") = "AiLab.Shared", "src\AiLab.Shared\AiLab.Shared.csproj", "{55A69A66-3C42-4713-95D1-921BAB7F4F6C}"
EndProject
Project("{FAE04EC0-301F-11D3-BF4B-00C04F79EFBC}") = "AiLab.TicketsApi", "src\AiLab.TicketsApi\AiLab.TicketsApi.csproj", "{86B3757D-22EB-4B93-B742-42209902A412}"
EndProject
Project("{FAE04EC0-301F-11D3-BF4B-00C04F79EFBC}") = "AiLab.McpServer", "src\AiLab.McpServer\AiLab.McpServer.csproj", "{46E56F0F-74FB-485F-B2C2-34AC2DF1A415}"
EndProject
Project("{FAE04EC0-301F-11D3-BF4B-00C04F79EFBC}") = "AiLab.McpServer.AntiPattern", "src\AiLab.McpServer.AntiPattern\AiLab.McpServer.AntiPattern.csproj", "{67849B09-B109-4A5E-BE03-99C866DA92AA}"
EndProject
Project("{FAE04EC0-301F-11D3-BF4B-00C04F79EFBC}") = "AiLab.Agent", "src\AiLab.Agent\AiLab.Agent.csproj", "{17735F9D-8CE0-47C1-BDEE-BC9F5E6FABE1}"
EndProject
Project("{2150E333-8FDC-42A3-9474-1A3956D46DE8}") = "tests", "tests", "{0AB3BF05-4346-4AA6-1389-037BE0695223}"
EndProject
Project("{FAE04EC0-301F-11D3-BF4B-00C04F79EFBC}") = "AiLab.Tests", "tests\AiLab.Tests\AiLab.Tests.csproj", "{ADF2BE50-9B6A-40DC-B624-C277D26BA6FF}"
EndProject
Project("{2150E333-8FDC-42A3-9474-1A3956D46DE8}") = "samples", "samples", "{5D20AA90-6969-D8BD-9DCD-8634F4692FDA}"
EndProject
Project("{FAE04EC0-301F-11D3-BF4B-00C04F79EFBC}") = "maf-devui", "samples\maf-devui\maf-devui.csproj", "{C90E16AA-C28E-4C67-90FE-712EBE651FF1}"
EndProject
Project("{FAE04EC0-301F-11D3-BF4B-00C04F79EFBC}") = "AiLab.Llm", "src\AiLab.Llm\AiLab.Llm.csproj", "{8C8DDA1B-4A2C-4725-981D-0099E7F00204}"
EndProject
Project("{2150E333-8FDC-42A3-9474-1A3956D46DE8}") = "Solution Items", "Solution Items", "{B3A780E6-7B5D-4BBD-B31F-D48F83D56D63}"
	ProjectSection(SolutionItems) = preProject
		ai-settings.json = ai-settings.json
	EndProjectSection
EndProject
Project("{FAE04EC0-301F-11D3-BF4B-00C04F79EFBC}") = "embeddings-sample", "samples\embeddings-sample\embeddings-sample.csproj", "{352C4B24-7D1F-4C51-8609-6FA14264D77F}"
EndProject
Project("{FAE04EC0-301F-11D3-BF4B-00C04F79EFBC}") = "AiLab.McpServer.Client", "src\AiLab.McpServer.Client\AiLab.McpServer.Client.csproj", "{6367A3DB-532B-468B-872A-8CCABCB37F36}"
EndProject
Global
	GlobalSection(SolutionConfigurationPlatforms) = preSolution
		Debug|Any CPU = Debug|Any CPU
		Debug|x64 = Debug|x64
		Debug|x86 = Debug|x86
		Release|Any CPU = Release|Any CPU
		Release|x64 = Release|x64
		Release|x86 = Release|x86
	EndGlobalSection
	GlobalSection(ProjectConfigurationPlatforms) = postSolution
		{55A69A66-3C42-4713-95D1-921BAB7F4F6C}.Debug|Any CPU.ActiveCfg = Debug|Any CPU
		{55A69A66-3C42-4713-95D1-921BAB7F4F6C}.Debug|Any CPU.Build.0 = Debug|Any CPU
		{55A69A66-3C42-4713-95D1-921BAB7F4F6C}.Debug|x64.ActiveCfg = Debug|Any CPU
		{55A69A66-3C42-4713-95D1-921BAB7F4F6C}.Debug|x64.Build.0 = Debug|Any CPU
		{55A69A66-3C42-4713-95D1-921BAB7F4F6C}.Debug|x86.ActiveCfg = Debug|Any CPU
		{55A69A66-3C42-4713-95D1-921BAB7F4F6C}.Debug|x86.Build.0 = Debug|Any CPU
		{55A69A66-3C42-4713-95D1-921BAB7F4F6C}.Release|Any CPU.ActiveCfg = Release|Any CPU
		{55A69A66-3C42-4713-95D1-921BAB7F4F6C}.Release|Any CPU.Build.0 = Release|Any CPU
		{55A69A66-3C42-4713-95D1-921BAB7F4F6C}.Release|x64.ActiveCfg = Release|Any CPU
		{55A69A66-3C42-4713-95D1-921BAB7F4F6C}.Release|x64.Build.0 = Release|Any CPU
		{55A69A66-3C42-4713-95D1-921BAB7F4F6C}.Release|x86.ActiveCfg = Release|Any CPU
		{55A69A66-3C42-4713-95D1-921BAB7F4F6C}.Release|x86.Build.0 = Release|Any CPU
		{86B3757D-22EB-4B93-B742-42209902A412}.Debug|Any CPU.ActiveCfg = Debug|Any CPU
		{86B3757D-22EB-4B93-B742-42209902A412}.Debug|Any CPU.Build.0 = Debug|Any CPU
		{86B3757D-22EB-4B93-B742-42209902A412}.Debug|x64.ActiveCfg = Debug|Any CPU
		{86B3757D-22EB-4B93-B742-42209902A412}.Debug|x64.Build.0 = Debug|Any CPU
		{86B3757D-22EB-4B93-B742-42209902A412}.Debug|x86.ActiveCfg = Debug|Any CPU
		{86B3757D-22EB-4B93-B742-42209902A412}.Debug|x86.Build.0 = Debug|Any CPU
		{86B3757D-22EB-4B93-B742-42209902A412}.Release|Any CPU.ActiveCfg = Release|Any CPU
		{86B3757D-22EB-4B93-B742-42209902A412}.Release|Any CPU.Build.0 = Release|Any CPU
		{86B3757D-22EB-4B93-B742-42209902A412}.Release|x64.ActiveCfg = Release|Any CPU
		{86B3757D-22EB-4B93-B742-42209902A412}.Release|x64.Build.0 = Release|Any CPU
		{86B3757D-22EB-4B93-B742-42209902A412}.Release|x86.ActiveCfg = Release|Any CPU
		{86B3757D-22EB-4B93-B742-42209902A412}.Release|x86.Build.0 = Release|Any CPU
		{46E56F0F-74FB-485F-B2C2-34AC2DF1A415}.Debug|Any CPU.ActiveCfg = Debug|Any CPU
		{46E56F0F-74FB-485F-B2C2-34AC2DF1A415}.Debug|Any CPU.Build.0 = Debug|Any CPU
		{46E56F0F-74FB-485F-B2C2-34AC2DF1A415}.Debug|x64.ActiveCfg = Debug|Any CPU
		{46E56F0F-74FB-485F-B2C2-34AC2DF1A415}.Debug|x64.Build.0 = Debug|Any CPU
		{46E56F0F-74FB-485F-B2C2-34AC2DF1A415}.Debug|x86.ActiveCfg = Debug|Any CPU
		{46E56F0F-74FB-485F-B2C2-34AC2DF1A415}.Debug|x86.Build.0 = Debug|Any CPU
		{46E56F0F-74FB-485F-B2C2-34AC2DF1A415}.Release|Any CPU.ActiveCfg = Release|Any CPU
		{46E56F0F-74FB-485F-B2C2-34AC2DF1A415}.Release|Any CPU.Build.0 = Release|Any CPU
		{46E56F0F-74FB-485F-B2C2-34AC2DF1A415}.Release|x64.ActiveCfg = Release|Any CPU
		{46E56F0F-74FB-485F-B2C2-34AC2DF1A415}.Release|x64.Build.0 = Release|Any CPU
		{46E56F0F-74FB-485F-B2C2-34AC2DF1A415}.Release|x86.ActiveCfg = Release|Any CPU
		{46E56F0F-74FB-485F-B2C2-34AC2DF1A415}.Release|x86.Build.0 = Release|Any CPU
		{67849B09-B109-4A5E-BE03-99C866DA92AA}.Debug|Any CPU.ActiveCfg = Debug|Any CPU
		{67849B09-B109-4A5E-BE03-99C866DA92AA}.Debug|Any CPU.Build.0 = Debug|Any CPU
		{67849B09-B109-4A5E-BE03-99C866DA92AA}.Debug|x64.ActiveCfg = Debug|Any CPU
		{67849B09-B109-4A5E-BE03-99C866DA92AA}.Debug|x64.Build.0 = Debug|Any CPU
		{67849B09-B109-4A5E-BE03-99C866DA92AA}.Debug|x86.ActiveCfg = Debug|Any CPU
		{67849B09-B109-4A5E-BE03-99C866DA92AA}.Debug|x86.Build.0 = Debug|Any CPU
		{67849B09-B109-4A5E-BE03-99C866DA92AA}.Release|Any CPU.ActiveCfg = Release|Any CPU
		{67849B09-B109-4A5E-BE03-99C866DA92AA}.Release|Any CPU.Build.0 = Release|Any CPU
		{67849B09-B109-4A5E-BE03-99C866DA92AA}.Release|x64.ActiveCfg = Release|Any CPU
		{67849B09-B109-4A5E-BE03-99C866DA92AA}.Release|x64.Build.0 = Release|Any CPU
		{67849B09-B109-4A5E-BE03-99C866DA92AA}.Release|x86.ActiveCfg = Release|Any CPU
		{67849B09-B109-4A5E-BE03-99C866DA92AA}.Release|x86.Build.0 = Release|Any CPU
		{17735F9D-8CE0-47C1-BDEE-BC9F5E6FABE1}.Debug|Any CPU.ActiveCfg = Debug|Any CPU
		{17735F9D-8CE0-47C1-BDEE-BC9F5E6FABE1}.Debug|Any CPU.Build.0 = Debug|Any CPU
		{17735F9D-8CE0-47C1-BDEE-BC9F5E6FABE1}.Debug|x64.ActiveCfg = Debug|Any CPU
		{17735F9D-8CE0-47C1-BDEE-BC9F5E6FABE1}.Debug|x64.Build.0 = Debug|Any CPU
		{17735F9D-8CE0-47C1-BDEE-BC9F5E6FABE1}.Debug|x86.ActiveCfg = Debug|Any CPU
		{17735F9D-8CE0-47C1-BDEE-BC9F5E6FABE1}.Debug|x86.Build.0 = Debug|Any CPU
		{17735F9D-8CE0-47C1-BDEE-BC9F5E6FABE1}.Release|Any CPU.ActiveCfg = Release|Any CPU
		{17735F9D-8CE0-47C1-BDEE-BC9F5E6FABE1}.Release|Any CPU.Build.0 = Release|Any CPU
		{17735F9D-8CE0-47C1-BDEE-BC9F5E6FABE1}.Release|x64.ActiveCfg = Release|Any CPU
		{17735F9D-8CE0-47C1-BDEE-BC9F5E6FABE1}.Release|x64.Build.0 = Release|Any CPU
		{17735F9D-8CE0-47C1-BDEE-BC9F5E6FABE1}.Release|x86.ActiveCfg = Release|Any CPU
		{17735F9D-8CE0-47C1-BDEE-BC9F5E6FABE1}.Release|x86.Build.0 = Release|Any CPU
		{ADF2BE50-9B6A-40DC-B624-C277D26BA6FF}.Debug|Any CPU.ActiveCfg = Debug|Any CPU
		{ADF2BE50-9B6A-40DC-B624-C277D26BA6FF}.Debug|Any CPU.Build.0 = Debug|Any CPU
		{ADF2BE50-9B6A-40DC-B624-C277D26BA6FF}.Debug|x64.ActiveCfg = Debug|Any CPU
		{ADF2BE50-9B6A-40DC-B624-C277D26BA6FF}.Debug|x64.Build.0 = Debug|Any CPU
		{ADF2BE50-9B6A-40DC-B624-C277D26BA6FF}.Debug|x86.ActiveCfg = Debug|Any CPU
		{ADF2BE50-9B6A-40DC-B624-C277D26BA6FF}.Debug|x86.Build.0 = Debug|Any CPU
		{ADF2BE50-9B6A-40DC-B624-C277D26BA6FF}.Release|Any CPU.ActiveCfg = Release|Any CPU
		{ADF2BE50-9B6A-40DC-B624-C277D26BA6FF}.Release|Any CPU.Build.0 = Release|Any CPU
		{ADF2BE50-9B6A-40DC-B624-C277D26BA6FF}.Release|x64.ActiveCfg = Release|Any CPU
		{ADF2BE50-9B6A-40DC-B624-C277D26BA6FF}.Release|x64.Build.0 = Release|Any CPU
		{ADF2BE50-9B6A-40DC-B624-C277D26BA6FF}.Release|x86.ActiveCfg = Release|Any CPU
		{ADF2BE50-9B6A-40DC-B624-C277D26BA6FF}.Release|x86.Build.0 = Release|Any CPU
		{C90E16AA-C28E-4C67-90FE-712EBE651FF1}.Debug|Any CPU.ActiveCfg = Debug|Any CPU
		{C90E16AA-C28E-4C67-90FE-712EBE651FF1}.Debug|Any CPU.Build.0 = Debug|Any CPU
		{C90E16AA-C28E-4C67-90FE-712EBE651FF1}.Debug|x64.ActiveCfg = Debug|Any CPU
		{C90E16AA-C28E-4C67-90FE-712EBE651FF1}.Debug|x64.Build.0 = Debug|Any CPU
		{C90E16AA-C28E-4C67-90FE-712EBE651FF1}.Debug|x86.ActiveCfg = Debug|Any CPU
		{C90E16AA-C28E-4C67-90FE-712EBE651FF1}.Debug|x86.Build.0 = Debug|Any CPU
		{C90E16AA-C28E-4C67-90FE-712EBE651FF1}.Release|Any CPU.ActiveCfg = Release|Any CPU
		{C90E16AA-C28E-4C67-90FE-712EBE651FF1}.Release|Any CPU.Build.0 = Release|Any CPU
		{C90E16AA-C28E-4C67-90FE-712EBE651FF1}.Release|x64.ActiveCfg = Release|Any CPU
		{C90E16AA-C28E-4C67-90FE-712EBE651FF1}.Release|x64.Build.0 = Release|Any CPU
		{C90E16AA-C28E-4C67-90FE-712EBE651FF1}.Release|x86.ActiveCfg = Release|Any CPU
		{C90E16AA-C28E-4C67-90FE-712EBE651FF1}.Release|x86.Build.0 = Release|Any CPU
		{8C8DDA1B-4A2C-4725-981D-0099E7F00204}.Debug|Any CPU.ActiveCfg = Debug|Any CPU
		{8C8DDA1B-4A2C-4725-981D-0099E7F00204}.Debug|Any CPU.Build.0 = Debug|Any CPU
		{8C8DDA1B-4A2C-4725-981D-0099E7F00204}.Debug|x64.ActiveCfg = Debug|Any CPU
		{8C8DDA1B-4A2C-4725-981D-0099E7F00204}.Debug|x64.Build.0 = Debug|Any CPU
		{8C8DDA1B-4A2C-4725-981D-0099E7F00204}.Debug|x86.ActiveCfg = Debug|Any CPU
		{8C8DDA1B-4A2C-4725-981D-0099E7F00204}.Debug|x86.Build.0 = Debug|Any CPU
		{8C8DDA1B-4A2C-4725-981D-0099E7F00204}.Release|Any CPU.ActiveCfg = Release|Any CPU
		{8C8DDA1B-4A2C-4725-981D-0099E7F00204}.Release|Any CPU.Build.0 = Release|Any CPU
		{8C8DDA1B-4A2C-4725-981D-0099E7F00204}.Release|x64.ActiveCfg = Release|Any CPU
		{8C8DDA1B-4A2C-4725-981D-0099E7F00204}.Release|x64.Build.0 = Release|Any CPU
		{8C8DDA1B-4A2C-4725-981D-0099E7F00204}.Release|x86.ActiveCfg = Release|Any CPU
		{8C8DDA1B-4A2C-4725-981D-0099E7F00204}.Release|x86.Build.0 = Release|Any CPU
		{352C4B24-7D1F-4C51-8609-6FA14264D77F}.Debug|Any CPU.ActiveCfg = Debug|Any CPU
		{352C4B24-7D1F-4C51-8609-6FA14264D77F}.Debug|Any CPU.Build.0 = Debug|Any CPU
		{352C4B24-7D1F-4C51-8609-6FA14264D77F}.Debug|x64.ActiveCfg = Debug|Any CPU
		{352C4B24-7D1F-4C51-8609-6FA14264D77F}.Debug|x64.Build.0 = Debug|Any CPU
		{352C4B24-7D1F-4C51-8609-6FA14264D77F}.Debug|x86.ActiveCfg = Debug|Any CPU
		{352C4B24-7D1F-4C51-8609-6FA14264D77F}.Debug|x86.Build.0 = Debug|Any CPU
		{352C4B24-7D1F-4C51-8609-6FA14264D77F}.Release|Any CPU.ActiveCfg = Release|Any CPU
		{352C4B24-7D1F-4C51-8609-6FA14264D77F}.Release|Any CPU.Build.0 = Release|Any CPU
		{352C4B24-7D1F-4C51-8609-6FA14264D77F}.Release|x64.ActiveCfg = Release|Any CPU
		{352C4B24-7D1F-4C51-8609-6FA14264D77F}.Release|x64.Build.0 = Release|Any CPU
		{352C4B24-7D1F-4C51-8609-6FA14264D77F}.Release|x86.ActiveCfg = Release|Any CPU
		{352C4B24-7D1F-4C51-8609-6FA14264D77F}.Release|x86.Build.0 = Release|Any CPU
		{6367A3DB-532B-468B-872A-8CCABCB37F36}.Debug|Any CPU.ActiveCfg = Debug|Any CPU
		{6367A3DB-532B-468B-872A-8CCABCB37F36}.Debug|Any CPU.Build.0 = Debug|Any CPU
		{6367A3DB-532B-468B-872A-8CCABCB37F36}.Debug|x64.ActiveCfg = Debug|Any CPU
		{6367A3DB-532B-468B-872A-8CCABCB37F36}.Debug|x64.Build.0 = Debug|Any CPU
		{6367A3DB-532B-468B-872A-8CCABCB37F36}.Debug|x86.ActiveCfg = Debug|Any CPU
		{6367A3DB-532B-468B-872A-8CCABCB37F36}.Debug|x86.Build.0 = Debug|Any CPU
		{6367A3DB-532B-468B-872A-8CCABCB37F36}.Release|Any CPU.ActiveCfg = Release|Any CPU
		{6367A3DB-532B-468B-872A-8CCABCB37F36}.Release|Any CPU.Build.0 = Release|Any CPU
		{6367A3DB-532B-468B-872A-8CCABCB37F36}.Release|x64.ActiveCfg = Release|Any CPU
		{6367A3DB-532B-468B-872A-8CCABCB37F36}.Release|x64.Build.0 = Release|Any CPU
		{6367A3DB-532B-468B-872A-8CCABCB37F36}.Release|x86.ActiveCfg = Release|Any CPU
		{6367A3DB-532B-468B-872A-8CCABCB37F36}.Release|x86.Build.0 = Release|Any CPU
	EndGlobalSection
	GlobalSection(SolutionProperties) = preSolution
		HideSolutionNode = FALSE
	EndGlobalSection
	GlobalSection(NestedProjects) = preSolution
		{55A69A66-3C42-4713-95D1-921BAB7F4F6C} = {827E0CD3-B72D-47B6-A68D-7590B98EB39B}
		{86B3757D-22EB-4B93-B742-42209902A412} = {827E0CD3-B72D-47B6-A68D-7590B98EB39B}
		{46E56F0F-74FB-485F-B2C2-34AC2DF1A415} = {827E0CD3-B72D-47B6-A68D-7590B98EB39B}
		{67849B09-B109-4A5E-BE03-99C866DA92AA} = {827E0CD3-B72D-47B6-A68D-7590B98EB39B}
		{17735F9D-8CE0-47C1-BDEE-BC9F5E6FABE1} = {827E0CD3-B72D-47B6-A68D-7590B98EB39B}
		{ADF2BE50-9B6A-40DC-B624-C277D26BA6FF} = {0AB3BF05-4346-4AA6-1389-037BE0695223}
		{C90E16AA-C28E-4C67-90FE-712EBE651FF1} = {5D20AA90-6969-D8BD-9DCD-8634F4692FDA}
		{8C8DDA1B-4A2C-4725-981D-0099E7F00204} = {827E0CD3-B72D-47B6-A68D-7590B98EB39B}
		{352C4B24-7D1F-4C51-8609-6FA14264D77F} = {5D20AA90-6969-D8BD-9DCD-8634F4692FDA}
		{6367A3DB-532B-468B-872A-8CCABCB37F36} = {827E0CD3-B72D-47B6-A68D-7590B98EB39B}
	EndGlobalSection
EndGlobal
