
Microsoft Visual Studio Solution File, Format Version 12.00
# Visual Studio Version 17
VisualStudioVersion = 17.0.31903.59
MinimumVisualStudioVersion = 10.0.40219.1
Project("{2150E333-8FDC-42A3-9474-1A3956D46DE8}") = "src", "src", "{827E0CD3-B72D-47B6-A68D-7590B98EB39B}"
EndProject
Project("{FAE04EC0-301F-11D3-BF4B-00C04F79EFBC}") = "Shop", "src\Shop\Shop.csproj", "{F29C53F9-177A-427F-9137-468AB6989F2D}"
EndProject
Project("{FAE04EC0-301F-11D3-BF4B-00C04F79EFBC}") = "LeakDemo", "src\LeakDemo\LeakDemo.csproj", "{3D0D6BC0-BF08-40DB-898C-7DAF188D6C1A}"
EndProject
Project("{FAE04EC0-301F-11D3-BF4B-00C04F79EFBC}") = "Benchmarks", "src\Benchmarks\Benchmarks.csproj", "{18BE6257-505C-4011-8CB5-F4147DDC6009}"
EndProject
Project("{FAE04EC0-301F-11D3-BF4B-00C04F79EFBC}") = "Packable", "src\Packable\Packable.csproj", "{3DDBF4D9-A47C-4E05-A079-B0F255F1F96A}"
EndProject
Project("{2150E333-8FDC-42A3-9474-1A3956D46DE8}") = "tests", "tests", "{0AB3BF05-4346-4AA6-1389-037BE0695223}"
EndProject
Project("{FAE04EC0-301F-11D3-BF4B-00C04F79EFBC}") = "Exercises.Tests", "tests\Exercises.Tests\Exercises.Tests.csproj", "{93B7819C-AEEA-425C-8593-509E6BC3274F}"
EndProject
Project("{2150E333-8FDC-42A3-9474-1A3956D46DE8}") = "02_il", "02_il", "{B33CA26F-ABEC-F6EC-D644-6366420C6ECE}"
EndProject
Project("{FAE04EC0-301F-11D3-BF4B-00C04F79EFBC}") = "IlDemo", "src\02_il\IlDemo\IlDemo.csproj", "{A345AC9E-8104-4682-B605-30793F998A76}"
EndProject
Project("{2150E333-8FDC-42A3-9474-1A3956D46DE8}") = "06_nuget", "06_nuget", "{41C1E2CB-4569-09B0-24CC-CF0FBC9F82C6}"
EndProject
Project("{FAE04EC0-301F-11D3-BF4B-00C04F79EFBC}") = "Consumer", "src\06_nuget\Consumer\Consumer.csproj", "{8100779E-F4AB-4D04-8230-AE0EF002C95C}"
EndProject
Project("{FAE04EC0-301F-11D3-BF4B-00C04F79EFBC}") = "TraceDemo", "src\TraceDemo\TraceDemo.csproj", "{1DEA5E3A-5DD3-4E29-98FC-3FEC1B5ED37F}"
EndProject
Project("{FAE04EC0-301F-11D3-BF4B-00C04F79EFBC}") = "ThreadSafeDemo", "src\ThreadSafeDemo\ThreadSafeDemo.csproj", "{D6648981-0DD8-4B9A-A139-7B0E8FEED65D}"
EndProject
Global
	GlobalSection(SolutionConfigurationPlatforms) = preSolution
		Debug|Any CPU = Debug|Any CPU
		Debug|x64 = Debug|x64
		Debug|x86 = Debug|x86
		Release|Any CPU = Release|Any CPU
		Release|x64 = Release|x64
		Release|x86 = Release|x86
	EndGlobalSection
	GlobalSection(ProjectConfigurationPlatforms) = postSolution
		{F29C53F9-177A-427F-9137-468AB6989F2D}.Debug|Any CPU.ActiveCfg = Debug|Any CPU
		{F29C53F9-177A-427F-9137-468AB6989F2D}.Debug|Any CPU.Build.0 = Debug|Any CPU
		{F29C53F9-177A-427F-9137-468AB6989F2D}.Debug|x64.ActiveCfg = Debug|Any CPU
		{F29C53F9-177A-427F-9137-468AB6989F2D}.Debug|x64.Build.0 = Debug|Any CPU
		{F29C53F9-177A-427F-9137-468AB6989F2D}.Debug|x86.ActiveCfg = Debug|Any CPU
		{F29C53F9-177A-427F-9137-468AB6989F2D}.Debug|x86.Build.0 = Debug|Any CPU
		{F29C53F9-177A-427F-9137-468AB6989F2D}.Release|Any CPU.ActiveCfg = Release|Any CPU
		{F29C53F9-177A-427F-9137-468AB6989F2D}.Release|Any CPU.Build.0 = Release|Any CPU
		{F29C53F9-177A-427F-9137-468AB6989F2D}.Release|x64.ActiveCfg = Release|Any CPU
		{F29C53F9-177A-427F-9137-468AB6989F2D}.Release|x64.Build.0 = Release|Any CPU
		{F29C53F9-177A-427F-9137-468AB6989F2D}.Release|x86.ActiveCfg = Release|Any CPU
		{F29C53F9-177A-427F-9137-468AB6989F2D}.Release|x86.Build.0 = Release|Any CPU
		{3D0D6BC0-BF08-40DB-898C-7DAF188D6C1A}.Debug|Any CPU.ActiveCfg = Debug|Any CPU
		{3D0D6BC0-BF08-40DB-898C-7DAF188D6C1A}.Debug|Any CPU.Build.0 = Debug|Any CPU
		{3D0D6BC0-BF08-40DB-898C-7DAF188D6C1A}.Debug|x64.ActiveCfg = Debug|Any CPU
		{3D0D6BC0-BF08-40DB-898C-7DAF188D6C1A}.Debug|x64.Build.0 = Debug|Any CPU
		{3D0D6BC0-BF08-40DB-898C-7DAF188D6C1A}.Debug|x86.ActiveCfg = Debug|Any CPU
		{3D0D6BC0-BF08-40DB-898C-7DAF188D6C1A}.Debug|x86.Build.0 = Debug|Any CPU
		{3D0D6BC0-BF08-40DB-898C-7DAF188D6C1A}.Release|Any CPU.ActiveCfg = Release|Any CPU
		{3D0D6BC0-BF08-40DB-898C-7DAF188D6C1A}.Release|Any CPU.Build.0 = Release|Any CPU
		{3D0D6BC0-BF08-40DB-898C-7DAF188D6C1A}.Release|x64.ActiveCfg = Release|Any CPU
		{3D0D6BC0-BF08-40DB-898C-7DAF188D6C1A}.Release|x64.Build.0 = Release|Any CPU
		{3D0D6BC0-BF08-40DB-898C-7DAF188D6C1A}.Release|x86.ActiveCfg = Release|Any CPU
		{3D0D6BC0-BF08-40DB-898C-7DAF188D6C1A}.Release|x86.Build.0 = Release|Any CPU
		{18BE6257-505C-4011-8CB5-F4147DDC6009}.Debug|Any CPU.ActiveCfg = Debug|Any CPU
		{18BE6257-505C-4011-8CB5-F4147DDC6009}.Debug|Any CPU.Build.0 = Debug|Any CPU
		{18BE6257-505C-4011-8CB5-F4147DDC6009}.Debug|x64.ActiveCfg = Debug|Any CPU
		{18BE6257-505C-4011-8CB5-F4147DDC6009}.Debug|x64.Build.0 = Debug|Any CPU
		{18BE6257-505C-4011-8CB5-F4147DDC6009}.Debug|x86.ActiveCfg = Debug|Any CPU
		{18BE6257-505C-4011-8CB5-F4147DDC6009}.Debug|x86.Build.0 = Debug|Any CPU
		{18BE6257-505C-4011-8CB5-F4147DDC6009}.Release|Any CPU.ActiveCfg = Release|Any CPU
		{18BE6257-505C-4011-8CB5-F4147DDC6009}.Release|Any CPU.Build.0 = Release|Any CPU
		{18BE6257-505C-4011-8CB5-F4147DDC6009}.Release|x64.ActiveCfg = Release|Any CPU
		{18BE6257-505C-4011-8CB5-F4147DDC6009}.Release|x64.Build.0 = Release|Any CPU
		{18BE6257-505C-4011-8CB5-F4147DDC6009}.Release|x86.ActiveCfg = Release|Any CPU
		{18BE6257-505C-4011-8CB5-F4147DDC6009}.Release|x86.Build.0 = Release|Any CPU
		{3DDBF4D9-A47C-4E05-A079-B0F255F1F96A}.Debug|Any CPU.ActiveCfg = Debug|Any CPU
		{3DDBF4D9-A47C-4E05-A079-B0F255F1F96A}.Debug|Any CPU.Build.0 = Debug|Any CPU
		{3DDBF4D9-A47C-4E05-A079-B0F255F1F96A}.Debug|x64.ActiveCfg = Debug|Any CPU
		{3DDBF4D9-A47C-4E05-A079-B0F255F1F96A}.Debug|x64.Build.0 = Debug|Any CPU
		{3DDBF4D9-A47C-4E05-A079-B0F255F1F96A}.Debug|x86.ActiveCfg = Debug|Any CPU
		{3DDBF4D9-A47C-4E05-A079-B0F255F1F96A}.Debug|x86.Build.0 = Debug|Any CPU
		{3DDBF4D9-A47C-4E05-A079-B0F255F1F96A}.Release|Any CPU.ActiveCfg = Release|Any CPU
		{3DDBF4D9-A47C-4E05-A079-B0F255F1F96A}.Release|Any CPU.Build.0 = Release|Any CPU
		{3DDBF4D9-A47C-4E05-A079-B0F255F1F96A}.Release|x64.ActiveCfg = Release|Any CPU
		{3DDBF4D9-A47C-4E05-A079-B0F255F1F96A}.Release|x64.Build.0 = Release|Any CPU
		{3DDBF4D9-A47C-4E05-A079-B0F255F1F96A}.Release|x86.ActiveCfg = Release|Any CPU
		{3DDBF4D9-A47C-4E05-A079-B0F255F1F96A}.Release|x86.Build.0 = Release|Any CPU
		{93B7819C-AEEA-425C-8593-509E6BC3274F}.Debug|Any CPU.ActiveCfg = Debug|Any CPU
		{93B7819C-AEEA-425C-8593-509E6BC3274F}.Debug|Any CPU.Build.0 = Debug|Any CPU
		{93B7819C-AEEA-425C-8593-509E6BC3274F}.Debug|x64.ActiveCfg = Debug|Any CPU
		{93B7819C-AEEA-425C-8593-509E6BC3274F}.Debug|x64.Build.0 = Debug|Any CPU
		{93B7819C-AEEA-425C-8593-509E6BC3274F}.Debug|x86.ActiveCfg = Debug|Any CPU
		{93B7819C-AEEA-425C-8593-509E6BC3274F}.Debug|x86.Build.0 = Debug|Any CPU
		{93B7819C-AEEA-425C-8593-509E6BC3274F}.Release|Any CPU.ActiveCfg = Release|Any CPU
		{93B7819C-AEEA-425C-8593-509E6BC3274F}.Release|Any CPU.Build.0 = Release|Any CPU
		{93B7819C-AEEA-425C-8593-509E6BC3274F}.Release|x64.ActiveCfg = Release|Any CPU
		{93B7819C-AEEA-425C-8593-509E6BC3274F}.Release|x64.Build.0 = Release|Any CPU
		{93B7819C-AEEA-425C-8593-509E6BC3274F}.Release|x86.ActiveCfg = Release|Any CPU
		{93B7819C-AEEA-425C-8593-509E6BC3274F}.Release|x86.Build.0 = Release|Any CPU
		{A345AC9E-8104-4682-B605-30793F998A76}.Debug|Any CPU.ActiveCfg = Debug|Any CPU
		{A345AC9E-8104-4682-B605-30793F998A76}.Debug|Any CPU.Build.0 = Debug|Any CPU
		{A345AC9E-8104-4682-B605-30793F998A76}.Debug|x64.ActiveCfg = Debug|Any CPU
		{A345AC9E-8104-4682-B605-30793F998A76}.Debug|x64.Build.0 = Debug|Any CPU
		{A345AC9E-8104-4682-B605-30793F998A76}.Debug|x86.ActiveCfg = Debug|Any CPU
		{A345AC9E-8104-4682-B605-30793F998A76}.Debug|x86.Build.0 = Debug|Any CPU
		{A345AC9E-8104-4682-B605-30793F998A76}.Release|Any CPU.ActiveCfg = Release|Any CPU
		{A345AC9E-8104-4682-B605-30793F998A76}.Release|Any CPU.Build.0 = Release|Any CPU
		{A345AC9E-8104-4682-B605-30793F998A76}.Release|x64.ActiveCfg = Release|Any CPU
		{A345AC9E-8104-4682-B605-30793F998A76}.Release|x64.Build.0 = Release|Any CPU
		{A345AC9E-8104-4682-B605-30793F998A76}.Release|x86.ActiveCfg = Release|Any CPU
		{A345AC9E-8104-4682-B605-30793F998A76}.Release|x86.Build.0 = Release|Any CPU
		{8100779E-F4AB-4D04-8230-AE0EF002C95C}.Debug|Any CPU.ActiveCfg = Debug|Any CPU
		{8100779E-F4AB-4D04-8230-AE0EF002C95C}.Debug|Any CPU.Build.0 = Debug|Any CPU
		{8100779E-F4AB-4D04-8230-AE0EF002C95C}.Debug|x64.ActiveCfg = Debug|Any CPU
		{8100779E-F4AB-4D04-8230-AE0EF002C95C}.Debug|x64.Build.0 = Debug|Any CPU
		{8100779E-F4AB-4D04-8230-AE0EF002C95C}.Debug|x86.ActiveCfg = Debug|Any CPU
		{8100779E-F4AB-4D04-8230-AE0EF002C95C}.Debug|x86.Build.0 = Debug|Any CPU
		{8100779E-F4AB-4D04-8230-AE0EF002C95C}.Release|Any CPU.ActiveCfg = Release|Any CPU
		{8100779E-F4AB-4D04-8230-AE0EF002C95C}.Release|Any CPU.Build.0 = Release|Any CPU
		{8100779E-F4AB-4D04-8230-AE0EF002C95C}.Release|x64.ActiveCfg = Release|Any CPU
		{8100779E-F4AB-4D04-8230-AE0EF002C95C}.Release|x64.Build.0 = Release|Any CPU
		{8100779E-F4AB-4D04-8230-AE0EF002C95C}.Release|x86.ActiveCfg = Release|Any CPU
		{8100779E-F4AB-4D04-8230-AE0EF002C95C}.Release|x86.Build.0 = Release|Any CPU
		{1DEA5E3A-5DD3-4E29-98FC-3FEC1B5ED37F}.Debug|Any CPU.ActiveCfg = Debug|Any CPU
		{1DEA5E3A-5DD3-4E29-98FC-3FEC1B5ED37F}.Debug|Any CPU.Build.0 = Debug|Any CPU
		{1DEA5E3A-5DD3-4E29-98FC-3FEC1B5ED37F}.Debug|x64.ActiveCfg = Debug|Any CPU
		{1DEA5E3A-5DD3-4E29-98FC-3FEC1B5ED37F}.Debug|x64.Build.0 = Debug|Any CPU
		{1DEA5E3A-5DD3-4E29-98FC-3FEC1B5ED37F}.Debug|x86.ActiveCfg = Debug|Any CPU
		{1DEA5E3A-5DD3-4E29-98FC-3FEC1B5ED37F}.Debug|x86.Build.0 = Debug|Any CPU
		{1DEA5E3A-5DD3-4E29-98FC-3FEC1B5ED37F}.Release|Any CPU.ActiveCfg = Release|Any CPU
		{1DEA5E3A-5DD3-4E29-98FC-3FEC1B5ED37F}.Release|Any CPU.Build.0 = Release|Any CPU
		{1DEA5E3A-5DD3-4E29-98FC-3FEC1B5ED37F}.Release|x64.ActiveCfg = Release|Any CPU
		{1DEA5E3A-5DD3-4E29-98FC-3FEC1B5ED37F}.Release|x64.Build.0 = Release|Any CPU
		{1DEA5E3A-5DD3-4E29-98FC-3FEC1B5ED37F}.Release|x86.ActiveCfg = Release|Any CPU
		{1DEA5E3A-5DD3-4E29-98FC-3FEC1B5ED37F}.Release|x86.Build.0 = Release|Any CPU
		{D6648981-0DD8-4B9A-A139-7B0E8FEED65D}.Debug|Any CPU.ActiveCfg = Debug|Any CPU
		{D6648981-0DD8-4B9A-A139-7B0E8FEED65D}.Debug|Any CPU.Build.0 = Debug|Any CPU
		{D6648981-0DD8-4B9A-A139-7B0E8FEED65D}.Debug|x64.ActiveCfg = Debug|Any CPU
		{D6648981-0DD8-4B9A-A139-7B0E8FEED65D}.Debug|x64.Build.0 = Debug|Any CPU
		{D6648981-0DD8-4B9A-A139-7B0E8FEED65D}.Debug|x86.ActiveCfg = Debug|Any CPU
		{D6648981-0DD8-4B9A-A139-7B0E8FEED65D}.Debug|x86.Build.0 = Debug|Any CPU
		{D6648981-0DD8-4B9A-A139-7B0E8FEED65D}.Release|Any CPU.ActiveCfg = Release|Any CPU
		{D6648981-0DD8-4B9A-A139-7B0E8FEED65D}.Release|Any CPU.Build.0 = Release|Any CPU
		{D6648981-0DD8-4B9A-A139-7B0E8FEED65D}.Release|x64.ActiveCfg = Release|Any CPU
		{D6648981-0DD8-4B9A-A139-7B0E8FEED65D}.Release|x64.Build.0 = Release|Any CPU
		{D6648981-0DD8-4B9A-A139-7B0E8FEED65D}.Release|x86.ActiveCfg = Release|Any CPU
		{D6648981-0DD8-4B9A-A139-7B0E8FEED65D}.Release|x86.Build.0 = Release|Any CPU
	EndGlobalSection
	GlobalSection(SolutionProperties) = preSolution
		HideSolutionNode = FALSE
	EndGlobalSection
	GlobalSection(NestedProjects) = preSolution
		{F29C53F9-177A-427F-9137-468AB6989F2D} = {827E0CD3-B72D-47B6-A68D-7590B98EB39B}
		{3D0D6BC0-BF08-40DB-898C-7DAF188D6C1A} = {827E0CD3-B72D-47B6-A68D-7590B98EB39B}
		{18BE6257-505C-4011-8CB5-F4147DDC6009} = {827E0CD3-B72D-47B6-A68D-7590B98EB39B}
		{3DDBF4D9-A47C-4E05-A079-B0F255F1F96A} = {827E0CD3-B72D-47B6-A68D-7590B98EB39B}
		{93B7819C-AEEA-425C-8593-509E6BC3274F} = {0AB3BF05-4346-4AA6-1389-037BE0695223}
		{B33CA26F-ABEC-F6EC-D644-6366420C6ECE} = {827E0CD3-B72D-47B6-A68D-7590B98EB39B}
		{A345AC9E-8104-4682-B605-30793F998A76} = {B33CA26F-ABEC-F6EC-D644-6366420C6ECE}
		{41C1E2CB-4569-09B0-24CC-CF0FBC9F82C6} = {827E0CD3-B72D-47B6-A68D-7590B98EB39B}
		{8100779E-F4AB-4D04-8230-AE0EF002C95C} = {41C1E2CB-4569-09B0-24CC-CF0FBC9F82C6}
		{1DEA5E3A-5DD3-4E29-98FC-3FEC1B5ED37F} = {827E0CD3-B72D-47B6-A68D-7590B98EB39B}
		{D6648981-0DD8-4B9A-A139-7B0E8FEED65D} = {827E0CD3-B72D-47B6-A68D-7590B98EB39B}
	EndGlobalSection
EndGlobal
